
Microsoft Visual Studio Solution File, Format Version 12.00
# Visual Studio Version 16
VisualStudioVersion = 16.0.32510.428
MinimumVisualStudioVersion = 10.0.40219.1
Project("{FAE04EC0-301F-11D3-BF4B-00C04F79EFBC}") = "InstaFood2.0", "InstaFood2.0.csproj", "{F4DC69C3-640F-4749-822A-B893C033AD3D}"
EndProject
Global
	GlobalSection(SolutionConfigurationPlatforms) = preSolution
		Debug|Any CPU = Debug|Any CPU
		Release|Any CPU = Release|Any CPU
	EndGlobalSection
	GlobalSection(ProjectConfigurationPlatforms) = postSolution
		{F4DC69C3-640F-4749-822A-B893C033AD3D}.Debug|Any CPU.ActiveCfg = Debug|Any CPU
		{F4DC69C3-640F-4749-822A-B893C033AD3D}.Debug|Any CPU.Build.0 = Debug|Any CPU
		{F4DC69C3-640F-4749-822A-B893C033AD3D}.Release|Any CPU.ActiveCfg = Release|Any CPU
		{F4DC69C3-640F-4749-822A-B893C033AD3D}.Release|Any CPU.Build.0 = Release|Any CPU
	EndGlobalSection
	GlobalSection(SolutionProperties) = preSolution
		HideSolutionNode = FALSE
	EndGlobalSection
	GlobalSection(ExtensibilityGlobals) = postSolution
		SolutionGuid = {D8E932D1-94D5-4A36-9FA8-47CD59DBE184}
	EndGlobalSection
EndGlobal
